{
  "name": "vtorrent",
  "lockfileVersion": 2,
  "requires": true,
  "packages": {
    "": {
      "name": "vtorrent",
      "devDependencies": {
        "bun-types": "^0.1.0"
      }
    },
    "node_modules/bun-types": {
      "version": "0.1.8",
      "resolved": "https://registry.npmjs.org/bun-types/-/bun-types-0.1.8.tgz",
      "integrity": "sha512-gIcflj8Urhq38QsIeZBeFsJyrJ0k2MUsxYJ4nNW2mkPLmvfvT+wyqdvXRpZVVEFtFZeGYXmihZW3AymWEXdbEA==",
      "dev": true
    }
  },
  "dependencies": {
    "bun-types": {
      "version": "0.1.8",
      "resolved": "https://registry.npmjs.org/bun-types/-/bun-types-0.1.8.tgz",
      "integrity": "sha512-gIcflj8Urhq38QsIeZBeFsJyrJ0k2MUsxYJ4nNW2mkPLmvfvT+wyqdvXRpZVVEFtFZeGYXmihZW3AymWEXdbEA==",
      "dev": true
    }
  }
}
